
Microsoft Visual Studio Solution File, Format Version 12.00
# Visual Studio 14
VisualStudioVersion = 14.0.23107.0
MinimumVisualStudioVersion = 10.0.40219.1
Project("{FAE04EC0-301F-11D3-BF4B-00C04F79EFBC}") = "EchoAPI", "EchoAPI\EchoAPI.csproj", "{77705BE6-ED52-4859-96E6-6F7BDE4391DC}"
EndProject
Project("{FAE04EC0-301F-11D3-BF4B-00C04F79EFBC}") = "EchoAPI.Tests", "EchoAPI.Tests\EchoAPI.Tests.csproj", "{C4BBC2A2-E752-4E55-9E6A-54FC2E93E8CA}"
EndProject
Project("{FAE04EC0-301F-11D3-BF4B-00C04F79EFBC}") = "EchoModelsLibrary", "EchoModelsLibrary\EchoModelsLibrary.csproj", "{ADE0F60A-1427-41B9-ADA2-67AB8029D5F6}"
EndProject
Global
	GlobalSection(SolutionConfigurationPlatforms) = preSolution
		Debug|Any CPU = Debug|Any CPU
		Release|Any CPU = Release|Any CPU
	EndGlobalSection
	GlobalSection(ProjectConfigurationPlatforms) = postSolution
		{77705BE6-ED52-4859-96E6-6F7BDE4391DC}.Debug|Any CPU.ActiveCfg = Debug|Any CPU
		{77705BE6-ED52-4859-96E6-6F7BDE4391DC}.Debug|Any CPU.Build.0 = Debug|Any CPU
		{77705BE6-ED52-4859-96E6-6F7BDE4391DC}.Release|Any CPU.ActiveCfg = Release|Any CPU
		{77705BE6-ED52-4859-96E6-6F7BDE4391DC}.Release|Any CPU.Build.0 = Release|Any CPU
		{C4BBC2A2-E752-4E55-9E6A-54FC2E93E8CA}.Debug|Any CPU.ActiveCfg = Debug|Any CPU
		{C4BBC2A2-E752-4E55-9E6A-54FC2E93E8CA}.Debug|Any CPU.Build.0 = Debug|Any CPU
		{C4BBC2A2-E752-4E55-9E6A-54FC2E93E8CA}.Release|Any CPU.ActiveCfg = Release|Any CPU
		{C4BBC2A2-E752-4E55-9E6A-54FC2E93E8CA}.Release|Any CPU.Build.0 = Release|Any CPU
		{ADE0F60A-1427-41B9-ADA2-67AB8029D5F6}.Debug|Any CPU.ActiveCfg = Debug|Any CPU
		{ADE0F60A-1427-41B9-ADA2-67AB8029D5F6}.Debug|Any CPU.Build.0 = Debug|Any CPU
		{ADE0F60A-1427-41B9-ADA2-67AB8029D5F6}.Release|Any CPU.ActiveCfg = Release|Any CPU
		{ADE0F60A-1427-41B9-ADA2-67AB8029D5F6}.Release|Any CPU.Build.0 = Release|Any CPU
	EndGlobalSection
	GlobalSection(SolutionProperties) = preSolution
		HideSolutionNode = FALSE
	EndGlobalSection
EndGlobal
